
Microsoft Visual Studio Solution File, Format Version 12.00
# Visual Studio Version 17
VisualStudioVersion = 17.6.33815.320
MinimumVisualStudioVersion = 10.0.40219.1
Project("{FAE04EC0-301F-11D3-BF4B-00C04F79EFBC}") = "AutoHDR", "AutoHDR\AutoHDR.csproj", "{FC31C598-CF13-4884-89C4-654774DF80D2}"
EndProject
Global
	GlobalSection(SolutionConfigurationPlatforms) = preSolution
		Debug|Any CPU = Debug|Any CPU
		Release|Any CPU = Release|Any CPU
	EndGlobalSection
	GlobalSection(ProjectConfigurationPlatforms) = postSolution
		{FC31C598-CF13-4884-89C4-654774DF80D2}.Debug|Any CPU.ActiveCfg = Debug|Any CPU
		{FC31C598-CF13-4884-89C4-654774DF80D2}.Debug|Any CPU.Build.0 = Debug|Any CPU
		{FC31C598-CF13-4884-89C4-654774DF80D2}.Release|Any CPU.ActiveCfg = Release|Any CPU
		{FC31C598-CF13-4884-89C4-654774DF80D2}.Release|Any CPU.Build.0 = Release|Any CPU
	EndGlobalSection
	GlobalSection(SolutionProperties) = preSolution
		HideSolutionNode = FALSE
	EndGlobalSection
	GlobalSection(ExtensibilityGlobals) = postSolution
		SolutionGuid = {32DC0E29-38EB-447B-B94C-80A8C283D760}
	EndGlobalSection
EndGlobal
